
Microsoft Visual Studio Solution File, Format Version 12.00
# Visual Studio Version 17
VisualStudioVersion = 17.5.002.0
MinimumVisualStudioVersion = 10.0.40219.1
Project("{9A19103F-16F7-4668-BE54-9A1E7A4F7556}") = "SolveFirstLinearEqu", "SolveFirstLinearEqu.csproj", "{3D7CE1ED-FCA9-4172-986A-B68B8E91E732}"
EndProject
Global
	GlobalSection(SolutionConfigurationPlatforms) = preSolution
		Debug|Any CPU = Debug|Any CPU
		Release|Any CPU = Release|Any CPU
	EndGlobalSection
	GlobalSection(ProjectConfigurationPlatforms) = postSolution
		{3D7CE1ED-FCA9-4172-986A-B68B8E91E732}.Debug|Any CPU.ActiveCfg = Debug|Any CPU
		{3D7CE1ED-FCA9-4172-986A-B68B8E91E732}.Debug|Any CPU.Build.0 = Debug|Any CPU
		{3D7CE1ED-FCA9-4172-986A-B68B8E91E732}.Release|Any CPU.ActiveCfg = Release|Any CPU
		{3D7CE1ED-FCA9-4172-986A-B68B8E91E732}.Release|Any CPU.Build.0 = Release|Any CPU
	EndGlobalSection
	GlobalSection(SolutionProperties) = preSolution
		HideSolutionNode = FALSE
	EndGlobalSection
	GlobalSection(ExtensibilityGlobals) = postSolution
		SolutionGuid = {9E4AD9E5-1B3C-4D56-A454-6DEF36D3E9C9}
	EndGlobalSection
EndGlobal
